
Microsoft Visual Studio Solution File, Format Version 12.00
# Visual Studio Version 16
VisualStudioVersion = 16.0.31005.135
MinimumVisualStudioVersion = 10.0.40219.1
Project("{9A19103F-16F7-4668-BE54-9A1E7A4F7556}") = "GW2Api.NET", "GW2Api.NET\GW2Api.NET.csproj", "{2264C5D2-7F84-4D6D-9C5A-842D943675D9}"
EndProject
Project("{9A19103F-16F7-4668-BE54-9A1E7A4F7556}") = "GW2Api.NET.IntegrationTests", "GW2Api.NET.IntegrationTests\GW2Api.NET.IntegrationTests.csproj", "{C4FDD93F-B42F-4A90-A853-55EB6DDBFE8B}"
EndProject
Project("{2150E333-8FDC-42A3-9474-1A3956D46DE8}") = "Solution Items", "Solution Items", "{4B059BC1-6FBB-426C-A5AB-3EC616259A1F}"
	ProjectSection(SolutionItems) = preProject
		.gitignore = .gitignore
		.github\workflows\ci.yml = .github\workflows\ci.yml
		README.md = README.md
		.github\workflows\release.yml = .github\workflows\release.yml
	EndProjectSection
EndProject
Project("{9A19103F-16F7-4668-BE54-9A1E7A4F7556}") = "GW2Api.NET.Tests", "GW2Api.NET.Tests\GW2Api.NET.Tests.csproj", "{9E5002C6-7BD4-4FF8-BB0E-409C183872D5}"
EndProject
Global
	GlobalSection(SolutionConfigurationPlatforms) = preSolution
		Debug|Any CPU = Debug|Any CPU
		Release|Any CPU = Release|Any CPU
	EndGlobalSection
	GlobalSection(ProjectConfigurationPlatforms) = postSolution
		{2264C5D2-7F84-4D6D-9C5A-842D943675D9}.Debug|Any CPU.ActiveCfg = Debug|Any CPU
		{2264C5D2-7F84-4D6D-9C5A-842D943675D9}.Debug|Any CPU.Build.0 = Debug|Any CPU
		{2264C5D2-7F84-4D6D-9C5A-842D943675D9}.Release|Any CPU.ActiveCfg = Release|Any CPU
		{2264C5D2-7F84-4D6D-9C5A-842D943675D9}.Release|Any CPU.Build.0 = Release|Any CPU
		{C4FDD93F-B42F-4A90-A853-55EB6DDBFE8B}.Debug|Any CPU.ActiveCfg = Debug|Any CPU
		{C4FDD93F-B42F-4A90-A853-55EB6DDBFE8B}.Debug|Any CPU.Build.0 = Debug|Any CPU
		{C4FDD93F-B42F-4A90-A853-55EB6DDBFE8B}.Release|Any CPU.ActiveCfg = Release|Any CPU
		{C4FDD93F-B42F-4A90-A853-55EB6DDBFE8B}.Release|Any CPU.Build.0 = Release|Any CPU
		{9E5002C6-7BD4-4FF8-BB0E-409C183872D5}.Debug|Any CPU.ActiveCfg = Debug|Any CPU
		{9E5002C6-7BD4-4FF8-BB0E-409C183872D5}.Debug|Any CPU.Build.0 = Debug|Any CPU
		{9E5002C6-7BD4-4FF8-BB0E-409C183872D5}.Release|Any CPU.ActiveCfg = Release|Any CPU
		{9E5002C6-7BD4-4FF8-BB0E-409C183872D5}.Release|Any CPU.Build.0 = Release|Any CPU
	EndGlobalSection
	GlobalSection(SolutionProperties) = preSolution
		HideSolutionNode = FALSE
	EndGlobalSection
	GlobalSection(ExtensibilityGlobals) = postSolution
		SolutionGuid = {06CB324E-00E8-46FE-AF4C-C4E54908F72F}
	EndGlobalSection
EndGlobal
